# THIS IS AN AUTOGENERATED FILE. DO NOT EDIT THIS FILE DIRECTLY.
# yarn lockfile v1


ps-list@^8.1.0:
  version "8.1.0"
  resolved "https://registry.yarnpkg.com/ps-list/-/ps-list-8.1.0.tgz#aded36339500cd929f1425ece9bf58ac6d3a213e"
  integrity sha512-NoGBqJe7Ou3kfQxEvDzDyKGAyEgwIuD3YrfXinjcCmBRv0hTld0Xb71hrXvtsNPj7HSFATfemvzB8PPJtq6Yag==
